
Microsoft Visual Studio Solution File, Format Version 12.00
# Visual Studio 2012
Project("{FAE04EC0-301F-11D3-BF4B-00C04F79EFBC}") = "WebAPI", "WebAPI\WebAPI.csproj", "{49575048-3F72-4098-99F5-CDBF1B6B687F}"
EndProject
Project("{FAE04EC0-301F-11D3-BF4B-00C04F79EFBC}") = "DAL", "DAL\DAL.csproj", "{DB16C425-6F0B-4024-8FAF-C0F8CCE8EBDD}"
EndProject
Project("{FAE04EC0-301F-11D3-BF4B-00C04F79EFBC}") = "ProjectCore", "ProjectCore\ProjectCore.csproj", "{C5EF1DF9-7BDD-4907-BC92-825FFDEC86F2}"
EndProject
Global
	GlobalSection(SolutionConfigurationPlatforms) = preSolution
		Debug|Any CPU = Debug|Any CPU
		Release|Any CPU = Release|Any CPU
	EndGlobalSection
	GlobalSection(ProjectConfigurationPlatforms) = postSolution
		{49575048-3F72-4098-99F5-CDBF1B6B687F}.Debug|Any CPU.ActiveCfg = Debug|Any CPU
		{49575048-3F72-4098-99F5-CDBF1B6B687F}.Debug|Any CPU.Build.0 = Debug|Any CPU
		{49575048-3F72-4098-99F5-CDBF1B6B687F}.Release|Any CPU.ActiveCfg = Release|Any CPU
		{49575048-3F72-4098-99F5-CDBF1B6B687F}.Release|Any CPU.Build.0 = Release|Any CPU
		{DB16C425-6F0B-4024-8FAF-C0F8CCE8EBDD}.Debug|Any CPU.ActiveCfg = Debug|Any CPU
		{DB16C425-6F0B-4024-8FAF-C0F8CCE8EBDD}.Debug|Any CPU.Build.0 = Debug|Any CPU
		{DB16C425-6F0B-4024-8FAF-C0F8CCE8EBDD}.Release|Any CPU.ActiveCfg = Release|Any CPU
		{DB16C425-6F0B-4024-8FAF-C0F8CCE8EBDD}.Release|Any CPU.Build.0 = Release|Any CPU
		{C5EF1DF9-7BDD-4907-BC92-825FFDEC86F2}.Debug|Any CPU.ActiveCfg = Debug|Any CPU
		{C5EF1DF9-7BDD-4907-BC92-825FFDEC86F2}.Debug|Any CPU.Build.0 = Debug|Any CPU
		{C5EF1DF9-7BDD-4907-BC92-825FFDEC86F2}.Release|Any CPU.ActiveCfg = Release|Any CPU
		{C5EF1DF9-7BDD-4907-BC92-825FFDEC86F2}.Release|Any CPU.Build.0 = Release|Any CPU
	EndGlobalSection
	GlobalSection(NestedProjects) = preSolution
	EndGlobalSection
EndGlobal
